
Microsoft Visual Studio Solution File, Format Version 12.00
Project("{FAE04EC0-301F-11D3-BF4B-00C04F79EFBC}") = "DogCare.WebApi", "DogCare.WebApi\DogCare.WebApi.csproj", "{94D8292C-1318-487E-B1A0-ACB3B9545120}"
EndProject
Global
	GlobalSection(SolutionConfigurationPlatforms) = preSolution
		Debug|Any CPU = Debug|Any CPU
		Release|Any CPU = Release|Any CPU
	EndGlobalSection
	GlobalSection(ProjectConfigurationPlatforms) = postSolution
		{94D8292C-1318-487E-B1A0-ACB3B9545120}.Debug|Any CPU.ActiveCfg = Debug|Any CPU
		{94D8292C-1318-487E-B1A0-ACB3B9545120}.Debug|Any CPU.Build.0 = Debug|Any CPU
		{94D8292C-1318-487E-B1A0-ACB3B9545120}.Release|Any CPU.ActiveCfg = Release|Any CPU
		{94D8292C-1318-487E-B1A0-ACB3B9545120}.Release|Any CPU.Build.0 = Release|Any CPU
	EndGlobalSection
EndGlobal
